
Microsoft Visual Studio Solution File, Format Version 12.00
# Visual Studio 15
VisualStudioVersion = 15.0.27428.2037
MinimumVisualStudioVersion = 10.0.40219.1
Project("{FAE04EC0-301F-11D3-BF4B-00C04F79EFBC}") = "Csharp-Code-First-Education", "Csharp-Code-First-Education\Csharp-Code-First-Education.csproj", "{CA721069-F3B2-495B-8CF6-C5DE7C2810A1}"
EndProject
Global
	GlobalSection(SolutionConfigurationPlatforms) = preSolution
		Debug|Any CPU = Debug|Any CPU
		Release|Any CPU = Release|Any CPU
	EndGlobalSection
	GlobalSection(ProjectConfigurationPlatforms) = postSolution
		{CA721069-F3B2-495B-8CF6-C5DE7C2810A1}.Debug|Any CPU.ActiveCfg = Debug|Any CPU
		{CA721069-F3B2-495B-8CF6-C5DE7C2810A1}.Debug|Any CPU.Build.0 = Debug|Any CPU
		{CA721069-F3B2-495B-8CF6-C5DE7C2810A1}.Release|Any CPU.ActiveCfg = Release|Any CPU
		{CA721069-F3B2-495B-8CF6-C5DE7C2810A1}.Release|Any CPU.Build.0 = Release|Any CPU
	EndGlobalSection
	GlobalSection(SolutionProperties) = preSolution
		HideSolutionNode = FALSE
	EndGlobalSection
	GlobalSection(ExtensibilityGlobals) = postSolution
		SolutionGuid = {44D8D806-0443-413C-B187-A5C69D0710C4}
	EndGlobalSection
EndGlobal
